// !$*UTF8*$!
{
	archiveVersion = 1;
	classes = {
	};
	objectVersion = 56;
	objects = {

/* Begin PBXBuildFile section */
		A782439329100008004747A2 /* main.cpp in Sources */ = {isa = PBXBuildFile; fileRef = A782439229100008004747A2 /* main.cpp */; };
/* End PBXBuildFile section */

/* Begin PBXCopyFilesBuildPhase section */
		A782438D29100008004747A2 /* CopyFiles */ = {
			isa = PBXCopyFilesBuildPhase;
			buildActionMask = 2147483647;
			dstPath = /usr/share/man/man1/;
			dstSubfolderSpec = 0;
			files = (
			);
			runOnlyForDeploymentPostprocessing = 1;
		};
/* End PBXCopyFilesBuildPhase section */

/* Begin PBXFileReference section */
		A782438F29100008004747A2 /* TaskSystem */ = {isa = PBXFileReference; explicitFileType = "compiled.mach-o.executable"; includeInIndex = 0; path = TaskSystem; sourceTree = BUILT_PRODUCTS_DIR; };
		A782439229100008004747A2 /* main.cpp */ = {isa = PBXFileReference; lastKnownFileType = sourcecode.cpp.cpp; path = main.cpp; sourceTree = "<group>"; };
		A7824399291000B5004747A2 /* simple_notification_queue.h */ = {isa = PBXFileReference; lastKnownFileType = sourcecode.c.h; path = simple_notification_queue.h; sourceTree = "<group>"; };
		A782439A29101056004747A2 /* simple_task_system.h */ = {isa = PBXFileReference; lastKnownFileType = sourcecode.c.h; path = simple_task_system.h; sourceTree = "<group>"; };
		A782439E29102395004747A2 /* scheduled_notification_queue.h */ = {isa = PBXFileReference; lastKnownFileType = sourcecode.c.h; path = scheduled_notification_queue.h; sourceTree = "<group>"; };
		A782439F291023CD004747A2 /* scheduled_task_system.h */ = {isa = PBXFileReference; lastKnownFileType = sourcecode.c.h; path = scheduled_task_system.h; sourceTree = "<group>"; };
		A78243A329102600004747A2 /* stealing_notification_queue.h */ = {isa = PBXFileReference; lastKnownFileType = sourcecode.c.h; path = stealing_notification_queue.h; sourceTree = "<group>"; };
		A78243A429102623004747A2 /* stealing_task_system.h */ = {isa = PBXFileReference; lastKnownFileType = sourcecode.c.h; path = stealing_task_system.h; sourceTree = "<group>"; };
		A798C020291991D000618439 /* no_task_system.h */ = {isa = PBXFileReference; lastKnownFileType = sourcecode.c.h; path = no_task_system.h; sourceTree = "<group>"; };
/* End PBXFileReference section */

/* Begin PBXFrameworksBuildPhase section */
		A782438C29100008004747A2 /* Frameworks */ = {
			isa = PBXFrameworksBuildPhase;
			buildActionMask = 2147483647;
			files = (
			);
			runOnlyForDeploymentPostprocessing = 0;
		};
/* End PBXFrameworksBuildPhase section */

/* Begin PBXGroup section */
		A782438629100008004747A2 = {
			isa = PBXGroup;
			children = (
				A782439129100008004747A2 /* TaskSystem */,
				A782439029100008004747A2 /* Products */,
			);
			sourceTree = "<group>";
		};
		A782439029100008004747A2 /* Products */ = {
			isa = PBXGroup;
			children = (
				A782438F29100008004747A2 /* TaskSystem */,
			);
			name = Products;
			sourceTree = "<group>";
		};
		A782439129100008004747A2 /* TaskSystem */ = {
			isa = PBXGroup;
			children = (
				A782439229100008004747A2 /* main.cpp */,
				A7B7E874291B9CA400CD0D7C /* no */,
				A78243A0291023F7004747A2 /* simple */,
				A78243A22910240C004747A2 /* scheduled */,
				A78243A529102645004747A2 /* stealing */,
			);
			path = TaskSystem;
			sourceTree = "<group>";
		};
		A78243A0291023F7004747A2 /* simple */ = {
			isa = PBXGroup;
			children = (
				A7824399291000B5004747A2 /* simple_notification_queue.h */,
				A782439A29101056004747A2 /* simple_task_system.h */,
			);
			path = simple;
			sourceTree = "<group>";
		};
		A78243A22910240C004747A2 /* scheduled */ = {
			isa = PBXGroup;
			children = (
				A782439E29102395004747A2 /* scheduled_notification_queue.h */,
				A782439F291023CD004747A2 /* scheduled_task_system.h */,
			);
			path = scheduled;
			sourceTree = "<group>";
		};
		A78243A529102645004747A2 /* stealing */ = {
			isa = PBXGroup;
			children = (
				A78243A329102600004747A2 /* stealing_notification_queue.h */,
				A78243A429102623004747A2 /* stealing_task_system.h */,
			);
			path = stealing;
			sourceTree = "<group>";
		};
		A7B7E874291B9CA400CD0D7C /* no */ = {
			isa = PBXGroup;
			children = (
				A798C020291991D000618439 /* no_task_system.h */,
			);
			path = no;
			sourceTree = "<group>";
		};
/* End PBXGroup section */

/* Begin PBXNativeTarget section */
		A782438E29100008004747A2 /* TaskSystem */ = {
			isa = PBXNativeTarget;
			buildConfigurationList = A782439629100008004747A2 /* Build configuration list for PBXNativeTarget "TaskSystem" */;
			buildPhases = (
				A782438B29100008004747A2 /* Sources */,
				A782438C29100008004747A2 /* Frameworks */,
				A782438D29100008004747A2 /* CopyFiles */,
			);
			buildRules = (
			);
			dependencies = (
			);
			name = TaskSystem;
			productName = TaskSystem;
			productReference = A782438F29100008004747A2 /* TaskSystem */;
			productType = "com.apple.product-type.tool";
		};
/* End PBXNativeTarget section */

/* Begin PBXProject section */
		A782438729100008004747A2 /* Project object */ = {
			isa = PBXProject;
			attributes = {
				BuildIndependentTargetsInParallel = 1;
				LastUpgradeCheck = 1410;
				TargetAttributes = {
					A782438E29100008004747A2 = {
						CreatedOnToolsVersion = 14.0.1;
					};
				};
			};
			buildConfigurationList = A782438A29100008004747A2 /* Build configuration list for PBXProject "TaskSystem" */;
			compatibilityVersion = "Xcode 14.0";
			developmentRegion = en;
			hasScannedForEncodings = 0;
			knownRegions = (
				en,
				Base,
			);
			mainGroup = A782438629100008004747A2;
			productRefGroup = A782439029100008004747A2 /* Products */;
			projectDirPath = "";
			projectRoot = "";
			targets = (
				A782438E29100008004747A2 /* TaskSystem */,
			);
		};
/* End PBXProject section */

/* Begin PBXSourcesBuildPhase section */
		A782438B29100008004747A2 /* Sources */ = {
			isa = PBXSourcesBuildPhase;
			buildActionMask = 2147483647;
			files = (
				A782439329100008004747A2 /* main.cpp in Sources */,
			);
			runOnlyForDeploymentPostprocessing = 0;
		};
/* End PBXSourcesBuildPhase section */

/* Begin XCBuildConfiguration section */
		A782439429100008004747A2 /* Debug */ = {
			isa = XCBuildConfiguration;
			buildSettings = {
				ALWAYS_SEARCH_USER_PATHS = NO;
				CLANG_ANALYZER_NONNULL = YES;
				CLANG_ANALYZER_NUMBER_OBJECT_CONVERSION = YES_AGGRESSIVE;
				CLANG_CXX_LANGUAGE_STANDARD = "gnu++20";
				CLANG_ENABLE_MODULES = YES;
				CLANG_ENABLE_OBJC_ARC = YES;
				CLANG_ENABLE_OBJC_WEAK = YES;
				CLANG_WARN_BLOCK_CAPTURE_AUTORELEASING = YES;
				CLANG_WARN_BOOL_CONVERSION = YES;
				CLANG_WARN_COMMA = YES;
				CLANG_WARN_CONSTANT_CONVERSION = YES;
				CLANG_WARN_DEPRECATED_OBJC_IMPLEMENTATIONS = YES;
				CLANG_WARN_DIRECT_OBJC_ISA_USAGE = YES_ERROR;
				CLANG_WARN_DOCUMENTATION_COMMENTS = YES;
				CLANG_WARN_EMPTY_BODY = YES;
				CLANG_WARN_ENUM_CONVERSION = YES;
				CLANG_WARN_INFINITE_RECURSION = YES;
				CLANG_WARN_INT_CONVERSION = YES;
				CLANG_WARN_NON_LITERAL_NULL_CONVERSION = YES;
				CLANG_WARN_OBJC_IMPLICIT_RETAIN_SELF = YES;
				CLANG_WARN_OBJC_LITERAL_CONVERSION = YES;
				CLANG_WARN_OBJC_ROOT_CLASS = YES_ERROR;
				CLANG_WARN_QUOTED_INCLUDE_IN_FRAMEWORK_HEADER = YES;
				CLANG_WARN_RANGE_LOOP_ANALYSIS = YES;
				CLANG_WARN_STRICT_PROTOTYPES = YES;
				CLANG_WARN_SUSPICIOUS_MOVE = YES;
				CLANG_WARN_UNGUARDED_AVAILABILITY = YES_AGGRESSIVE;
				CLANG_WARN_UNREACHABLE_CODE = YES;
				CLANG_WARN__DUPLICATE_METHOD_MATCH = YES;
				COPY_PHASE_STRIP = NO;
				DEAD_CODE_STRIPPING = YES;
				DEBUG_INFORMATION_FORMAT = dwarf;
				ENABLE_STRICT_OBJC_MSGSEND = YES;
				ENABLE_TESTABILITY = YES;
				GCC_C_LANGUAGE_STANDARD = gnu11;
				GCC_DYNAMIC_NO_PIC = NO;
				GCC_NO_COMMON_BLOCKS = YES;
				GCC_OPTIMIZATION_LEVEL = 0;
				GCC_PREPROCESSOR_DEFINITIONS = (
					"DEBUG=1",
					"$(inherited)",
				);
				GCC_WARN_64_TO_32_BIT_CONVERSION = YES;
				GCC_WARN_ABOUT_RETURN_TYPE = YES_ERROR;
				GCC_WARN_UNDECLARED_SELECTOR = YES;
				GCC_WARN_UNINITIALIZED_AUTOS = YES_AGGRESSIVE;
				GCC_WARN_UNUSED_FUNCTION = YES;
				GCC_WARN_UNUSED_VARIABLE = YES;
				MACOSX_DEPLOYMENT_TARGET = 12.3;
				MTL_ENABLE_DEBUG_INFO = INCLUDE_SOURCE;
				MTL_FAST_MATH = YES;
				ONLY_ACTIVE_ARCH = YES;
				SDKROOT = macosx;
			};
			name = Debug;
		};
		A782439529100008004747A2 /* Release */ = {
			isa = XCBuildConfiguration;
			buildSettings = {
				ALWAYS_SEARCH_USER_PATHS = NO;
				CLANG_ANALYZER_NONNULL = YES;
				CLANG_ANALYZER_NUMBER_OBJECT_CONVERSION = YES_AGGRESSIVE;
				CLANG_CXX_LANGUAGE_STANDARD = "gnu++20";
				CLANG_ENABLE_MODULES = YES;
				CLANG_ENABLE_OBJC_ARC = YES;
				CLANG_ENABLE_OBJC_WEAK = YES;
				CLANG_WARN_BLOCK_CAPTURE_AUTORELEASING = YES;
				CLANG_WARN_BOOL_CONVERSION = YES;
				CLANG_WARN_COMMA = YES;
				CLANG_WARN_CONSTANT_CONVERSION = YES;
				CLANG_WARN_DEPRECATED_OBJC_IMPLEMENTATIONS = YES;
				CLANG_WARN_DIRECT_OBJC_ISA_USAGE = YES_ERROR;
				CLANG_WARN_DOCUMENTATION_COMMENTS = YES;
				CLANG_WARN_EMPTY_BODY = YES;
				CLANG_WARN_ENUM_CONVERSION = YES;
				CLANG_WARN_INFINITE_RECURSION = YES;
				CLANG_WARN_INT_CONVERSION = YES;
				CLANG_WARN_NON_LITERAL_NULL_CONVERSION = YES;
				CLANG_WARN_OBJC_IMPLICIT_RETAIN_SELF = YES;
				CLANG_WARN_OBJC_LITERAL_CONVERSION = YES;
				CLANG_WARN_OBJC_ROOT_CLASS = YES_ERROR;
				CLANG_WARN_QUOTED_INCLUDE_IN_FRAMEWORK_HEADER = YES;
				CLANG_WARN_RANGE_LOOP_ANALYSIS = YES;
				CLANG_WARN_STRICT_PROTOTYPES = YES;
				CLANG_WARN_SUSPICIOUS_MOVE = YES;
				CLANG_WARN_UNGUARDED_AVAILABILITY = YES_AGGRESSIVE;
				CLANG_WARN_UNREACHABLE_CODE = YES;
				CLANG_WARN__DUPLICATE_METHOD_MATCH = YES;
				COPY_PHASE_STRIP = NO;
				DEAD_CODE_STRIPPING = YES;
				DEBUG_INFORMATION_FORMAT = "dwarf-with-dsym";
				ENABLE_NS_ASSERTIONS = NO;
				ENABLE_STRICT_OBJC_MSGSEND = YES;
				GCC_C_LANGUAGE_STANDARD = gnu11;
				GCC_NO_COMMON_BLOCKS = YES;
				GCC_WARN_64_TO_32_BIT_CONVERSION = YES;
				GCC_WARN_ABOUT_RETURN_TYPE = YES_ERROR;
				GCC_WARN_UNDECLARED_SELECTOR = YES;
				GCC_WARN_UNINITIALIZED_AUTOS = YES_AGGRESSIVE;
				GCC_WARN_UNUSED_FUNCTION = YES;
				GCC_WARN_UNUSED_VARIABLE = YES;
				MACOSX_DEPLOYMENT_TARGET = 12.3;
				MTL_ENABLE_DEBUG_INFO = NO;
				MTL_FAST_MATH = YES;
				SDKROOT = macosx;
			};
			name = Release;
		};
		A782439729100008004747A2 /* Debug */ = {
			isa = XCBuildConfiguration;
			buildSettings = {
				CODE_SIGN_IDENTITY = "-";
				CODE_SIGN_STYLE = Automatic;
				DEAD_CODE_STRIPPING = YES;
				DEVELOPMENT_TEAM = AWJ83G3EPY;
				ENABLE_HARDENED_RUNTIME = YES;
				PRODUCT_NAME = "$(TARGET_NAME)";
			};
			name = Debug;
		};
		A782439829100008004747A2 /* Release */ = {
			isa = XCBuildConfiguration;
			buildSettings = {
				CODE_SIGN_IDENTITY = "-";
				CODE_SIGN_STYLE = Automatic;
				DEAD_CODE_STRIPPING = YES;
				DEVELOPMENT_TEAM = AWJ83G3EPY;
				ENABLE_HARDENED_RUNTIME = YES;
				PRODUCT_NAME = "$(TARGET_NAME)";
			};
			name = Release;
		};
/* End XCBuildConfiguration section */

/* Begin XCConfigurationList section */
		A782438A29100008004747A2 /* Build configuration list for PBXProject "TaskSystem" */ = {
			isa = XCConfigurationList;
			buildConfigurations = (
				A782439429100008004747A2 /* Debug */,
				A782439529100008004747A2 /* Release */,
			);
			defaultConfigurationIsVisible = 0;
			defaultConfigurationName = Release;
		};
		A782439629100008004747A2 /* Build configuration list for PBXNativeTarget "TaskSystem" */ = {
			isa = XCConfigurationList;
			buildConfigurations = (
				A782439729100008004747A2 /* Debug */,
				A782439829100008004747A2 /* Release */,
			);
			defaultConfigurationIsVisible = 0;
			defaultConfigurationName = Release;
		};
/* End XCConfigurationList section */
	};
	rootObject = A782438729100008004747A2 /* Project object */;
}
